
Microsoft Visual Studio Solution File, Format Version 12.00
# Visual Studio Version 17
VisualStudioVersion = 17.0.31903.59
MinimumVisualStudioVersion = 10.0.40219.1
Project("{FAE04EC0-301F-11D3-BF4B-00C04F79EFBC}") = "TransmetroConecta.Auth.Domain", "TransmetroConecta.Auth.Domain\TransmetroConecta.Auth.Domain.csproj", "{30C91462-823D-4BAD-BF01-BC20A9590A0E}"
EndProject
Project("{FAE04EC0-301F-11D3-BF4B-00C04F79EFBC}") = "TransmetroConecta.Auth.Application", "TransmetroConecta.Auth.Application\TransmetroConecta.Auth.Application.csproj", "{3406E6D2-56B2-441D-807B-A84A4418F50E}"
EndProject
Project("{FAE04EC0-301F-11D3-BF4B-00C04F79EFBC}") = "TransmetroConecta.Auth.Infrastructure", "TransmetroConecta.Auth.Infrastructure\TransmetroConecta.Auth.Infrastructure.csproj", "{1D072CF2-82DC-4497-AA91-60EC4732204C}"
EndProject
Project("{FAE04EC0-301F-11D3-BF4B-00C04F79EFBC}") = "TransmetroConecta.Auth.API", "TransmetroConecta.Auth.API\TransmetroConecta.Auth.API.csproj", "{B305A89A-9175-4749-9DB1-F3DA70536B09}"
EndProject
Global
	GlobalSection(SolutionConfigurationPlatforms) = preSolution
		Debug|Any CPU = Debug|Any CPU
		Release|Any CPU = Release|Any CPU
	EndGlobalSection
	GlobalSection(SolutionProperties) = preSolution
		HideSolutionNode = FALSE
	EndGlobalSection
	GlobalSection(ProjectConfigurationPlatforms) = postSolution
		{30C91462-823D-4BAD-BF01-BC20A9590A0E}.Debug|Any CPU.ActiveCfg = Debug|Any CPU
		{30C91462-823D-4BAD-BF01-BC20A9590A0E}.Debug|Any CPU.Build.0 = Debug|Any CPU
		{30C91462-823D-4BAD-BF01-BC20A9590A0E}.Release|Any CPU.ActiveCfg = Release|Any CPU
		{30C91462-823D-4BAD-BF01-BC20A9590A0E}.Release|Any CPU.Build.0 = Release|Any CPU
		{3406E6D2-56B2-441D-807B-A84A4418F50E}.Debug|Any CPU.ActiveCfg = Debug|Any CPU
		{3406E6D2-56B2-441D-807B-A84A4418F50E}.Debug|Any CPU.Build.0 = Debug|Any CPU
		{3406E6D2-56B2-441D-807B-A84A4418F50E}.Release|Any CPU.ActiveCfg = Release|Any CPU
		{3406E6D2-56B2-441D-807B-A84A4418F50E}.Release|Any CPU.Build.0 = Release|Any CPU
		{1D072CF2-82DC-4497-AA91-60EC4732204C}.Debug|Any CPU.ActiveCfg = Debug|Any CPU
		{1D072CF2-82DC-4497-AA91-60EC4732204C}.Debug|Any CPU.Build.0 = Debug|Any CPU
		{1D072CF2-82DC-4497-AA91-60EC4732204C}.Release|Any CPU.ActiveCfg = Release|Any CPU
		{1D072CF2-82DC-4497-AA91-60EC4732204C}.Release|Any CPU.Build.0 = Release|Any CPU
		{B305A89A-9175-4749-9DB1-F3DA70536B09}.Debug|Any CPU.ActiveCfg = Debug|Any CPU
		{B305A89A-9175-4749-9DB1-F3DA70536B09}.Debug|Any CPU.Build.0 = Debug|Any CPU
		{B305A89A-9175-4749-9DB1-F3DA70536B09}.Release|Any CPU.ActiveCfg = Release|Any CPU
		{B305A89A-9175-4749-9DB1-F3DA70536B09}.Release|Any CPU.Build.0 = Release|Any CPU
	EndGlobalSection
EndGlobal
